
Microsoft Visual Studio Solution File, Format Version 12.00
# Visual Studio Version 17
VisualStudioVersion = 17.5.33502.453
MinimumVisualStudioVersion = 10.0.40219.1
Project("{F184B08F-C81C-45F6-A57F-5ABD9991F28F}") = "QrMaker", "QrMaker.vbproj", "{B66338B4-73FD-4D47-AEF6-BC1F71915738}"
EndProject
Global
	GlobalSection(SolutionConfigurationPlatforms) = preSolution
		Debug|Any CPU = Debug|Any CPU
		Release|Any CPU = Release|Any CPU
	EndGlobalSection
	GlobalSection(ProjectConfigurationPlatforms) = postSolution
		{B66338B4-73FD-4D47-AEF6-BC1F71915738}.Debug|Any CPU.ActiveCfg = Debug|Any CPU
		{B66338B4-73FD-4D47-AEF6-BC1F71915738}.Debug|Any CPU.Build.0 = Debug|Any CPU
		{B66338B4-73FD-4D47-AEF6-BC1F71915738}.Release|Any CPU.ActiveCfg = Release|Any CPU
		{B66338B4-73FD-4D47-AEF6-BC1F71915738}.Release|Any CPU.Build.0 = Release|Any CPU
	EndGlobalSection
	GlobalSection(SolutionProperties) = preSolution
		HideSolutionNode = FALSE
	EndGlobalSection
	GlobalSection(ExtensibilityGlobals) = postSolution
		SolutionGuid = {F53BB251-6AD3-4E8A-9A95-FD577D0AFA25}
	EndGlobalSection
EndGlobal
